hash: 08032d0101f40a3ecf1eff7f62b181ff91c8849289eda4362859d5c0a0b6bcea
updated: 2017-03-04T06:52:56.9902142-03:00
imports:
- name: github.com/gorilla/mux
  version: 392c28fe23e1c45ddba891b0320b3b5df220beea
- name: github.com/koyachi/go-nude
  version: d6615481308ab96dc76426ed7d28dd18d76554c1
- name: github.com/olebedev/config
  version: afea898d27c7d17376ecc60c7c2e73c76b40060e
- name: gopkg.in/mgo.v2
  version: 3f83fa5005286a7fe593b055f0d7771a7dce4655
- name: gopkg.in/yaml.v2
  version: a3f3340b5840cee44f372bddb5880fcbc419b46a
testImports: []
